
Microsoft Visual Studio Solution File, Format Version 12.00
# Visual Studio Version 17
VisualStudioVersion = 17.6.33801.468
MinimumVisualStudioVersion = 10.0.40219.1
Project("{FAE04EC0-301F-11D3-BF4B-00C04F79EFBC}") = "PruebaTecnicaCreativa", "PruebaTecnicaCreativa\PruebaTecnicaCreativa.csproj", "{8FCB9EB4-2D02-485C-BCCA-44E427534275}"
EndProject
Global
	GlobalSection(SolutionConfigurationPlatforms) = preSolution
		Debug|Any CPU = Debug|Any CPU
		Release|Any CPU = Release|Any CPU
	EndGlobalSection
	GlobalSection(ProjectConfigurationPlatforms) = postSolution
		{8FCB9EB4-2D02-485C-BCCA-44E427534275}.Debug|Any CPU.ActiveCfg = Debug|Any CPU
		{8FCB9EB4-2D02-485C-BCCA-44E427534275}.Debug|Any CPU.Build.0 = Debug|Any CPU
		{8FCB9EB4-2D02-485C-BCCA-44E427534275}.Release|Any CPU.ActiveCfg = Release|Any CPU
		{8FCB9EB4-2D02-485C-BCCA-44E427534275}.Release|Any CPU.Build.0 = Release|Any CPU
	EndGlobalSection
	GlobalSection(SolutionProperties) = preSolution
		HideSolutionNode = FALSE
	EndGlobalSection
	GlobalSection(ExtensibilityGlobals) = postSolution
		SolutionGuid = {F2561BB2-4939-4578-BA51-08C341F1F21B}
	EndGlobalSection
EndGlobal
